{
  "name": "learning-graphql-oreilly",
  "version": "1.0.0",
  "lockfileVersion": 1,
  "requires": true,
  "dependencies": {
    "graphql": {
      "version": "14.5.8",
      "resolved": "https://registry.npmjs.org/graphql/-/graphql-14.5.8.tgz",
      "integrity": "sha512-MMwmi0zlVLQKLdGiMfWkgQD7dY/TUKt4L+zgJ/aR0Howebod3aNgP5JkgvAULiR2HPVZaP2VEElqtdidHweLkg==",
      "requires": {
        "iterall": "^1.2.2"
      }
    },
    "graphql-custom-types": {
      "version": "1.5.1",
      "resolved": "https://registry.npmjs.org/graphql-custom-types/-/graphql-custom-types-1.5.1.tgz",
      "integrity": "sha512-jwrrRIc7KVqjOgKo4WpFv6HiRJ9h09zzEzZGAaj9zcRXTBahqw2LOje2RAE7Bu02k3tYUEkmpodrKWOy0zNJaQ==",
      "requires": {
        "graphql": "^14.4.2"
      }
    },
    "iterall": {
      "version": "1.2.2",
      "resolved": "https://registry.npmjs.org/iterall/-/iterall-1.2.2.tgz",
      "integrity": "sha512-yynBb1g+RFUPY64fTrFv7nsjRrENBQJaX2UL+2Szc9REFrSNm1rpSXHGzhmAy7a9uv3vlvgBlXnf9RqmPH1/DA=="
    }
  }
}
